
Microsoft Visual Studio Solution File, Format Version 12.00
# Visual Studio Version 17
VisualStudioVersion = 17.7.34024.191
MinimumVisualStudioVersion = 10.0.40219.1
Project("{FAE04EC0-301F-11D3-BF4B-00C04F79EFBC}") = "Snake", "Snake\Snake.csproj", "{3242CF92-80FB-444C-A101-83686A9DC1B3}"
EndProject
Global
	GlobalSection(SolutionConfigurationPlatforms) = preSolution
		Debug|Any CPU = Debug|Any CPU
		Release|Any CPU = Release|Any CPU
	EndGlobalSection
	GlobalSection(ProjectConfigurationPlatforms) = postSolution
		{3242CF92-80FB-444C-A101-83686A9DC1B3}.Debug|Any CPU.ActiveCfg = Debug|Any CPU
		{3242CF92-80FB-444C-A101-83686A9DC1B3}.Debug|Any CPU.Build.0 = Debug|Any CPU
		{3242CF92-80FB-444C-A101-83686A9DC1B3}.Release|Any CPU.ActiveCfg = Release|Any CPU
		{3242CF92-80FB-444C-A101-83686A9DC1B3}.Release|Any CPU.Build.0 = Release|Any CPU
	EndGlobalSection
	GlobalSection(SolutionProperties) = preSolution
		HideSolutionNode = FALSE
	EndGlobalSection
	GlobalSection(ExtensibilityGlobals) = postSolution
		SolutionGuid = {36C9B85F-B75E-4BC9-8D09-A92B2FAC5FB5}
	EndGlobalSection
EndGlobal
